
Microsoft Visual Studio Solution File, Format Version 12.00
# Visual Studio Version 16
VisualStudioVersion = 16.0.30804.86
MinimumVisualStudioVersion = 10.0.40219.1
Project("{FAE04EC0-301F-11D3-BF4B-00C04F79EFBC}") = "ПШ", "ПШ.csproj", "{EB970BCA-C1DA-4890-8D92-9EE33FE6A70A}"
EndProject
Global
	GlobalSection(SolutionConfigurationPlatforms) = preSolution
		Debug|Any CPU = Debug|Any CPU
		Release|Any CPU = Release|Any CPU
	EndGlobalSection
	GlobalSection(ProjectConfigurationPlatforms) = postSolution
		{EB970BCA-C1DA-4890-8D92-9EE33FE6A70A}.Debug|Any CPU.ActiveCfg = Debug|Any CPU
		{EB970BCA-C1DA-4890-8D92-9EE33FE6A70A}.Debug|Any CPU.Build.0 = Debug|Any CPU
		{EB970BCA-C1DA-4890-8D92-9EE33FE6A70A}.Release|Any CPU.ActiveCfg = Release|Any CPU
		{EB970BCA-C1DA-4890-8D92-9EE33FE6A70A}.Release|Any CPU.Build.0 = Release|Any CPU
	EndGlobalSection
	GlobalSection(SolutionProperties) = preSolution
		HideSolutionNode = FALSE
	EndGlobalSection
	GlobalSection(ExtensibilityGlobals) = postSolution
		SolutionGuid = {AB4C1FB5-E9C6-4A67-B901-9972900C45D0}
	EndGlobalSection
EndGlobal
